# generated by rye
# use `rye lock` or `rye sync` to update this lockfile
#
# last locked with the following flags:
#   pre: false
#   features: []
#   all-features: true
#   with-sources: false
#   generate-hashes: false
#   universal: false

-e file:.
annotated-types==0.7.0
    # via pydantic
anyio==4.9.0
    # via httpx
backports-tarfile==1.2.0
    # via jaraco-context
build==1.3.0
certifi==2025.7.14
    # via httpcore
    # via httpx
    # via requests
cffi==2.0.0
    # via cryptography
charset-normalizer==3.4.3
    # via requests
click==8.1.8
    # via layerlens
coverage==7.10.2
    # via pytest-cov
cryptography==46.0.5
    # via secretstorage
docutils==0.22
    # via readme-renderer
exceptiongroup==1.3.0
    # via anyio
    # via pytest
h11==0.16.0
    # via httpcore
httpcore==1.0.9
    # via httpx
httpx==0.28.1
    # via layerlens
id==1.5.0
    # via twine
idna==3.10
    # via anyio
    # via httpx
    # via requests
importlib-metadata==8.7.0
    # via build
    # via keyring
    # via twine
iniconfig==2.1.0
    # via pytest
jaraco-classes==3.4.0
    # via keyring
jaraco-context==6.0.1
    # via keyring
jaraco-functools==4.2.1
    # via keyring
jeepney==0.9.0
    # via keyring
    # via secretstorage
keyring==25.6.0
    # via twine
markdown-it-py==3.0.0
    # via rich
mdurl==0.1.2
    # via markdown-it-py
more-itertools==10.7.0
    # via jaraco-classes
    # via jaraco-functools
mypy==1.17.0
mypy-extensions==1.1.0
    # via mypy
nh3==0.3.0
    # via readme-renderer
nodeenv==1.9.1
    # via pyright
packaging==25.0
    # via build
    # via pytest
    # via twine
pathspec==0.12.1
    # via mypy
pluggy==1.6.0
    # via pytest
    # via pytest-cov
pycparser==2.23
    # via cffi
pydantic==2.11.7
    # via layerlens
pydantic-core==2.33.2
    # via pydantic
pygments==2.19.2
    # via pytest
    # via readme-renderer
    # via rich
pyproject-hooks==1.2.0
    # via build
pyright==1.1.399
pytest==8.4.1
    # via pytest-cov
pytest-cov==6.2.1
readme-renderer==44.0
    # via twine
requests==2.32.5
    # via id
    # via requests-toolbelt
    # via twine
requests-toolbelt==1.0.0
    # via twine
rfc3986==2.0.0
    # via twine
rich==14.1.0
    # via twine
ruff==0.12.7
secretstorage==3.3.3
    # via keyring
sniffio==1.3.1
    # via anyio
tomli==2.2.1
    # via build
    # via coverage
    # via mypy
    # via pytest
twine==6.1.0
typing-extensions==4.14.1
    # via anyio
    # via cryptography
    # via exceptiongroup
    # via mypy
    # via pydantic
    # via pydantic-core
    # via pyright
    # via typing-inspection
typing-inspection==0.4.1
    # via pydantic
urllib3==2.5.0
    # via requests
    # via twine
zipp==3.23.0
    # via importlib-metadata
